
Microsoft Visual Studio Solution File, Format Version 12.00
# Visual Studio Version 17
VisualStudioVersion = 17.0.31912.275
MinimumVisualStudioVersion = 10.0.40219.1
Project("{2150E333-8FDC-42A3-9474-1A3956D46DE8}") = "1-Presentation", "1-Presentation", "{22E6CA24-677A-4205-B6A8-27853D4C0068}"
EndProject
Project("{2150E333-8FDC-42A3-9474-1A3956D46DE8}") = "2-Business", "2-Business", "{917EE000-4A26-43B6-AFA0-43C444D83897}"
EndProject
Project("{2150E333-8FDC-42A3-9474-1A3956D46DE8}") = "3-Persistence", "3-Persistence", "{9E1DA5DD-B6E4-4785-8E05-162F7BC74A67}"
EndProject
Project("{2150E333-8FDC-42A3-9474-1A3956D46DE8}") = "Shared", "Shared", "{7714AE15-E742-4A91-8012-F1083052148D}"
EndProject
Project("{9A19103F-16F7-4668-BE54-9A1E7A4F7556}") = "HrApp.Models", "HrApp.Models\HrApp.Models.csproj", "{5AEB64C5-0CEA-4819-8261-BE8EC90D65EA}"
EndProject
Project("{9A19103F-16F7-4668-BE54-9A1E7A4F7556}") = "HrApp.Interfaces", "HrApp.Interfaces\HrApp.Interfaces.csproj", "{5A566C05-905A-42E4-8684-AF57A4344C48}"
EndProject
Project("{9A19103F-16F7-4668-BE54-9A1E7A4F7556}") = "HrApp.Business.WebApi", "HrApp.Business.WebApi\HrApp.Business.WebApi.csproj", "{71928738-1611-4ECF-AB62-E203257BFE2E}"
EndProject
Project("{9A19103F-16F7-4668-BE54-9A1E7A4F7556}") = "HrApp.Business.WebApi.Tests", "HrApp.Business.WebApi.Tests\HrApp.Business.WebApi.Tests.csproj", "{FE6FF91B-734A-44BD-8C78-A925E4A0BB08}"
EndProject
Project("{9A19103F-16F7-4668-BE54-9A1E7A4F7556}") = "HrApp.BusinessRules", "HrApp.BusinessRules\HrApp.BusinessRules.csproj", "{41594B1E-42F7-405B-B13D-FB7C5445E180}"
EndProject
Project("{9A19103F-16F7-4668-BE54-9A1E7A4F7556}") = "HrApp.Persistence.EfCore", "HrApp.Persistence.EfCore\HrApp.Persistence.EfCore.csproj", "{DEC5AB1E-4DD2-4FDF-9E3A-E26F0AF7C266}"
EndProject
Project("{9A19103F-16F7-4668-BE54-9A1E7A4F7556}") = "HrApp.Persistence.Repository", "HrApp.Persistence.Repository\HrApp.Persistence.Repository.csproj", "{51CA7A72-638D-42D7-AA03-B4B90A9EA060}"
EndProject
Project("{54A90642-561A-4BB1-A94E-469ADEE60C69}") = "HrApp-Presentation-Ng", "HrApp-Presentation-Ng\HrApp-Presentation-Ng.esproj", "{2A3E9697-FEBD-4375-96BD-69C163EB8F6F}"
EndProject
Global
	GlobalSection(SolutionConfigurationPlatforms) = preSolution
		Debug|Any CPU = Debug|Any CPU
		Release|Any CPU = Release|Any CPU
	EndGlobalSection
	GlobalSection(ProjectConfigurationPlatforms) = postSolution
		{5AEB64C5-0CEA-4819-8261-BE8EC90D65EA}.Debug|Any CPU.ActiveCfg = Debug|Any CPU
		{5AEB64C5-0CEA-4819-8261-BE8EC90D65EA}.Debug|Any CPU.Build.0 = Debug|Any CPU
		{5AEB64C5-0CEA-4819-8261-BE8EC90D65EA}.Release|Any CPU.ActiveCfg = Release|Any CPU
		{5AEB64C5-0CEA-4819-8261-BE8EC90D65EA}.Release|Any CPU.Build.0 = Release|Any CPU
		{5A566C05-905A-42E4-8684-AF57A4344C48}.Debug|Any CPU.ActiveCfg = Debug|Any CPU
		{5A566C05-905A-42E4-8684-AF57A4344C48}.Debug|Any CPU.Build.0 = Debug|Any CPU
		{5A566C05-905A-42E4-8684-AF57A4344C48}.Release|Any CPU.ActiveCfg = Release|Any CPU
		{5A566C05-905A-42E4-8684-AF57A4344C48}.Release|Any CPU.Build.0 = Release|Any CPU
		{71928738-1611-4ECF-AB62-E203257BFE2E}.Debug|Any CPU.ActiveCfg = Debug|Any CPU
		{71928738-1611-4ECF-AB62-E203257BFE2E}.Debug|Any CPU.Build.0 = Debug|Any CPU
		{71928738-1611-4ECF-AB62-E203257BFE2E}.Release|Any CPU.ActiveCfg = Release|Any CPU
		{71928738-1611-4ECF-AB62-E203257BFE2E}.Release|Any CPU.Build.0 = Release|Any CPU
		{FE6FF91B-734A-44BD-8C78-A925E4A0BB08}.Debug|Any CPU.ActiveCfg = Debug|Any CPU
		{FE6FF91B-734A-44BD-8C78-A925E4A0BB08}.Debug|Any CPU.Build.0 = Debug|Any CPU
		{FE6FF91B-734A-44BD-8C78-A925E4A0BB08}.Release|Any CPU.ActiveCfg = Release|Any CPU
		{FE6FF91B-734A-44BD-8C78-A925E4A0BB08}.Release|Any CPU.Build.0 = Release|Any CPU
		{41594B1E-42F7-405B-B13D-FB7C5445E180}.Debug|Any CPU.ActiveCfg = Debug|Any CPU
		{41594B1E-42F7-405B-B13D-FB7C5445E180}.Debug|Any CPU.Build.0 = Debug|Any CPU
		{41594B1E-42F7-405B-B13D-FB7C5445E180}.Release|Any CPU.ActiveCfg = Release|Any CPU
		{41594B1E-42F7-405B-B13D-FB7C5445E180}.Release|Any CPU.Build.0 = Release|Any CPU
		{DEC5AB1E-4DD2-4FDF-9E3A-E26F0AF7C266}.Debug|Any CPU.ActiveCfg = Debug|Any CPU
		{DEC5AB1E-4DD2-4FDF-9E3A-E26F0AF7C266}.Debug|Any CPU.Build.0 = Debug|Any CPU
		{DEC5AB1E-4DD2-4FDF-9E3A-E26F0AF7C266}.Release|Any CPU.ActiveCfg = Release|Any CPU
		{DEC5AB1E-4DD2-4FDF-9E3A-E26F0AF7C266}.Release|Any CPU.Build.0 = Release|Any CPU
		{51CA7A72-638D-42D7-AA03-B4B90A9EA060}.Debug|Any CPU.ActiveCfg = Debug|Any CPU
		{51CA7A72-638D-42D7-AA03-B4B90A9EA060}.Debug|Any CPU.Build.0 = Debug|Any CPU
		{51CA7A72-638D-42D7-AA03-B4B90A9EA060}.Release|Any CPU.ActiveCfg = Release|Any CPU
		{51CA7A72-638D-42D7-AA03-B4B90A9EA060}.Release|Any CPU.Build.0 = Release|Any CPU
		{2A3E9697-FEBD-4375-96BD-69C163EB8F6F}.Debug|Any CPU.ActiveCfg = Debug|Any CPU
		{2A3E9697-FEBD-4375-96BD-69C163EB8F6F}.Debug|Any CPU.Build.0 = Debug|Any CPU
		{2A3E9697-FEBD-4375-96BD-69C163EB8F6F}.Debug|Any CPU.Deploy.0 = Debug|Any CPU
		{2A3E9697-FEBD-4375-96BD-69C163EB8F6F}.Release|Any CPU.ActiveCfg = Release|Any CPU
		{2A3E9697-FEBD-4375-96BD-69C163EB8F6F}.Release|Any CPU.Build.0 = Release|Any CPU
		{2A3E9697-FEBD-4375-96BD-69C163EB8F6F}.Release|Any CPU.Deploy.0 = Release|Any CPU
	EndGlobalSection
	GlobalSection(SolutionProperties) = preSolution
		HideSolutionNode = FALSE
	EndGlobalSection
	GlobalSection(NestedProjects) = preSolution
		{5AEB64C5-0CEA-4819-8261-BE8EC90D65EA} = {7714AE15-E742-4A91-8012-F1083052148D}
		{5A566C05-905A-42E4-8684-AF57A4344C48} = {7714AE15-E742-4A91-8012-F1083052148D}
		{71928738-1611-4ECF-AB62-E203257BFE2E} = {917EE000-4A26-43B6-AFA0-43C444D83897}
		{FE6FF91B-734A-44BD-8C78-A925E4A0BB08} = {917EE000-4A26-43B6-AFA0-43C444D83897}
		{41594B1E-42F7-405B-B13D-FB7C5445E180} = {917EE000-4A26-43B6-AFA0-43C444D83897}
		{DEC5AB1E-4DD2-4FDF-9E3A-E26F0AF7C266} = {9E1DA5DD-B6E4-4785-8E05-162F7BC74A67}
		{51CA7A72-638D-42D7-AA03-B4B90A9EA060} = {9E1DA5DD-B6E4-4785-8E05-162F7BC74A67}
		{2A3E9697-FEBD-4375-96BD-69C163EB8F6F} = {22E6CA24-677A-4205-B6A8-27853D4C0068}
	EndGlobalSection
	GlobalSection(ExtensibilityGlobals) = postSolution
		SolutionGuid = {DF7F2481-8C1C-411A-B1FD-078CADFAA82F}
	EndGlobalSection
EndGlobal
